
Microsoft Visual Studio Solution File, Format Version 12.00
# Visual Studio Version 16
VisualStudioVersion = 16.0.30907.101
MinimumVisualStudioVersion = 10.0.40219.1
Project("{9A19103F-16F7-4668-BE54-9A1E7A4F7556}") = "ChaapClubMajorProject", "ChaapClubMajorProject\ChaapClubMajorProject.csproj", "{48B01FA5-447A-4DD4-9ADF-5DD0927EB88F}"
EndProject
Global
	GlobalSection(SolutionConfigurationPlatforms) = preSolution
		Debug|Any CPU = Debug|Any CPU
		Release|Any CPU = Release|Any CPU
	EndGlobalSection
	GlobalSection(ProjectConfigurationPlatforms) = postSolution
		{48B01FA5-447A-4DD4-9ADF-5DD0927EB88F}.Debug|Any CPU.ActiveCfg = Debug|Any CPU
		{48B01FA5-447A-4DD4-9ADF-5DD0927EB88F}.Debug|Any CPU.Build.0 = Debug|Any CPU
		{48B01FA5-447A-4DD4-9ADF-5DD0927EB88F}.Release|Any CPU.ActiveCfg = Release|Any CPU
		{48B01FA5-447A-4DD4-9ADF-5DD0927EB88F}.Release|Any CPU.Build.0 = Release|Any CPU
	EndGlobalSection
	GlobalSection(SolutionProperties) = preSolution
		HideSolutionNode = FALSE
	EndGlobalSection
	GlobalSection(ExtensibilityGlobals) = postSolution
		SolutionGuid = {FACB9E47-AB4C-49E1-BA68-820854B8B8E7}
	EndGlobalSection
EndGlobal
